
Microsoft Visual Studio Solution File, Format Version 12.00
# Visual Studio 15
VisualStudioVersion = 15.0.28010.2026
MinimumVisualStudioVersion = 10.0.40219.1
Project("{FAE04EC0-301F-11D3-BF4B-00C04F79EFBC}") = "IBANCheck", "IBANCheck\IBANCheck.csproj", "{775B8B40-8992-45EB-9BC9-CCAAA199C156}"
EndProject
Global
	GlobalSection(SolutionConfigurationPlatforms) = preSolution
		Debug|Any CPU = Debug|Any CPU
		Release|Any CPU = Release|Any CPU
	EndGlobalSection
	GlobalSection(ProjectConfigurationPlatforms) = postSolution
		{775B8B40-8992-45EB-9BC9-CCAAA199C156}.Debug|Any CPU.ActiveCfg = Debug|Any CPU
		{775B8B40-8992-45EB-9BC9-CCAAA199C156}.Debug|Any CPU.Build.0 = Debug|Any CPU
		{775B8B40-8992-45EB-9BC9-CCAAA199C156}.Release|Any CPU.ActiveCfg = Release|Any CPU
		{775B8B40-8992-45EB-9BC9-CCAAA199C156}.Release|Any CPU.Build.0 = Release|Any CPU
	EndGlobalSection
	GlobalSection(SolutionProperties) = preSolution
		HideSolutionNode = FALSE
	EndGlobalSection
	GlobalSection(ExtensibilityGlobals) = postSolution
		SolutionGuid = {380C4790-6250-4DDE-9931-D361FE9FAAF6}
	EndGlobalSection
EndGlobal
